// !$*UTF8*$!
{
	archiveVersion = 1;
	classes = {
	};
	objectVersion = 77;
	objects = {

/* Begin PBXBuildFile section */
		1EB78A087240CEF9F78E15CF /* ResumeOptimizationServiceSwiftTestingTests.swift in Sources */ = {isa = PBXBuildFile; fileRef = F0D9120D11C298E6A938B1BD /* ResumeOptimizationServiceSwiftTestingTests.swift */; };
		8DAA8A35EF8E851FCAC253AD /* Foundation.framework in Frameworks */ = {isa = PBXBuildFile; fileRef = 76421689162B5723CAA363D9 /* Foundation.framework */; };
		AB98B773B677E9430A3573F6 /* ImproveViewModelTests.swift in Sources */ = {isa = PBXBuildFile; fileRef = 49153BACFBFA7281A3774E51 /* ImproveViewModelTests.swift */; };
		D4331EC10F9EBF14894862D8 /* ResumeOptimizationParsingTests.swift in Sources */ = {isa = PBXBuildFile; fileRef = 54F97ABB24B00AAE5333A2AA /* ResumeOptimizationParsingTests.swift */; };
/* End PBXBuildFile section */

/* Begin PBXContainerItemProxy section */
		C7AE0DB2E3A5FE7FCA6B82AE /* PBXContainerItemProxy */ = {
			isa = PBXContainerItemProxy;
			containerPortal = 335AA75B2FA77AB800FD6628 /* Project object */;
			proxyType = 1;
			remoteGlobalIDString = 335AA7622FA77AB800FD6628;
			remoteInfo = "ResumeBuilder IOS APP";
		};
/* End PBXContainerItemProxy section */

/* Begin PBXFileReference section */
		335AA7632FA77AB800FD6628 /* ResumeBuilder IOS APP.app */ = {isa = PBXFileReference; explicitFileType = wrapper.application; includeInIndex = 0; path = "ResumeBuilder IOS APP.app"; sourceTree = BUILT_PRODUCTS_DIR; };
		49153BACFBFA7281A3774E51 /* ImproveViewModelTests.swift */ = {isa = PBXFileReference; includeInIndex = 1; lastKnownFileType = sourcecode.swift; path = ImproveViewModelTests.swift; sourceTree = "<group>"; };
		4A5A8068E4FED9A03DB1E4D3 /* ResumeBuilder IOS APPTests.xctest */ = {isa = PBXFileReference; explicitFileType = wrapper.cfbundle; includeInIndex = 0; path = "ResumeBuilder IOS APPTests.xctest"; sourceTree = BUILT_PRODUCTS_DIR; };
		54F97ABB24B00AAE5333A2AA /* ResumeOptimizationParsingTests.swift */ = {isa = PBXFileReference; includeInIndex = 1; lastKnownFileType = sourcecode.swift; path = ResumeOptimizationParsingTests.swift; sourceTree = "<group>"; };
		76421689162B5723CAA363D9 /* Foundation.framework */ = {isa = PBXFileReference; lastKnownFileType = wrapper.framework; name = Foundation.framework; path = Platforms/iPhoneOS.platform/Developer/SDKs/iPhoneOS18.0.sdk/System/Library/Frameworks/Foundation.framework; sourceTree = DEVELOPER_DIR; };
		F0D9120D11C298E6A938B1BD /* ResumeOptimizationServiceSwiftTestingTests.swift */ = {isa = PBXFileReference; includeInIndex = 1; lastKnownFileType = sourcecode.swift; path = ResumeOptimizationServiceSwiftTestingTests.swift; sourceTree = "<group>"; };
/* End PBXFileReference section */

/* Begin PBXFileSystemSynchronizedRootGroup section */
		335AA7652FA77AB800FD6628 /* ResumeBuilder IOS APP */ = {
			isa = PBXFileSystemSynchronizedRootGroup;
			path = "ResumeBuilder IOS APP";
			sourceTree = "<group>";
		};
/* End PBXFileSystemSynchronizedRootGroup section */

/* Begin PBXFrameworksBuildPhase section */
		335AA7602FA77AB800FD6628 /* Frameworks */ = {
			isa = PBXFrameworksBuildPhase;
			buildActionMask = 2147483647;
			files = (
			);
			runOnlyForDeploymentPostprocessing = 0;
		};
		6008DEDEBAA9DD34C69606B4 /* Frameworks */ = {
			isa = PBXFrameworksBuildPhase;
			buildActionMask = 2147483647;
			files = (
				8DAA8A35EF8E851FCAC253AD /* Foundation.framework in Frameworks */,
			);
			runOnlyForDeploymentPostprocessing = 0;
		};
/* End PBXFrameworksBuildPhase section */

/* Begin PBXGroup section */
		335AA75A2FA77AB800FD6628 = {
			isa = PBXGroup;
			children = (
				335AA7652FA77AB800FD6628 /* ResumeBuilder IOS APP */,
				335AA7642FA77AB800FD6628 /* Products */,
				BFB9678CFF121264B5745A8F /* Frameworks */,
				EBBAC22E32DDC2060C87D2CB /* ResumeBuilder IOS APPTests */,
			);
			sourceTree = "<group>";
		};
		335AA7642FA77AB800FD6628 /* Products */ = {
			isa = PBXGroup;
			children = (
				335AA7632FA77AB800FD6628 /* ResumeBuilder IOS APP.app */,
				4A5A8068E4FED9A03DB1E4D3 /* ResumeBuilder IOS APPTests.xctest */,
			);
			name = Products;
			sourceTree = "<group>";
		};
		67DFAFEE0070BA0C56E6E3AF /* iOS */ = {
			isa = PBXGroup;
			children = (
				76421689162B5723CAA363D9 /* Foundation.framework */,
			);
			name = iOS;
			sourceTree = "<group>";
		};
		BFB9678CFF121264B5745A8F /* Frameworks */ = {
			isa = PBXGroup;
			children = (
				67DFAFEE0070BA0C56E6E3AF /* iOS */,
			);
			name = Frameworks;
			sourceTree = "<group>";
		};
		EBBAC22E32DDC2060C87D2CB /* ResumeBuilder IOS APPTests */ = {
			isa = PBXGroup;
			children = (
				49153BACFBFA7281A3774E51 /* ImproveViewModelTests.swift */,
				54F97ABB24B00AAE5333A2AA /* ResumeOptimizationParsingTests.swift */,
				F0D9120D11C298E6A938B1BD /* ResumeOptimizationServiceSwiftTestingTests.swift */,
			);
			path = "ResumeBuilder IOS APPTests";
			sourceTree = "<group>";
		};
/* End PBXGroup section */

/* Begin PBXNativeTarget section */
		335AA7622FA77AB800FD6628 /* ResumeBuilder IOS APP */ = {
			isa = PBXNativeTarget;
			buildConfigurationList = 335AA76E2FA77ABA00FD6628 /* Build configuration list for PBXNativeTarget "ResumeBuilder IOS APP" */;
			buildPhases = (
				335AA75F2FA77AB800FD6628 /* Sources */,
				335AA7602FA77AB800FD6628 /* Frameworks */,
				335AA7612FA77AB800FD6628 /* Resources */,
			);
			buildRules = (
			);
			dependencies = (
			);
			fileSystemSynchronizedGroups = (
				335AA7652FA77AB800FD6628 /* ResumeBuilder IOS APP */,
			);
			name = "ResumeBuilder IOS APP";
			productName = "ResumeBuilder IOS APP";
			productReference = 335AA7632FA77AB800FD6628 /* ResumeBuilder IOS APP.app */;
			productType = "com.apple.product-type.application";
		};
		EB8A61F52DFE5AE8A5FC5900 /* ResumeBuilder IOS APPTests */ = {
			isa = PBXNativeTarget;
			buildConfigurationList = 902C3F34C019C36D282EE304 /* Build configuration list for PBXNativeTarget "ResumeBuilder IOS APPTests" */;
			buildPhases = (
				FDB6C233CB7683E4F80DCDB3 /* Sources */,
				6008DEDEBAA9DD34C69606B4 /* Frameworks */,
				8DAFC51751CEFAEC98865767 /* Resources */,
			);
			buildRules = (
			);
			dependencies = (
				E98585F8A43CA19D19848A64 /* PBXTargetDependency */,
			);
			name = "ResumeBuilder IOS APPTests";
			productName = "ResumeBuilder IOS APPTests";
			productReference = 4A5A8068E4FED9A03DB1E4D3 /* ResumeBuilder IOS APPTests.xctest */;
			productType = "com.apple.product-type.bundle.unit-test";
		};
/* End PBXNativeTarget section */

/* Begin PBXProject section */
		335AA75B2FA77AB800FD6628 /* Project object */ = {
			isa = PBXProject;
			attributes = {
				BuildIndependentTargetsInParallel = 1;
				LastSwiftUpdateCheck = 2630;
				LastUpgradeCheck = 2630;
				TargetAttributes = {
					335AA7622FA77AB800FD6628 = {
						CreatedOnToolsVersion = 26.3;
					};
				};
			};
			buildConfigurationList = 335AA75E2FA77AB800FD6628 /* Build configuration list for PBXProject "ResumeBuilder IOS APP" */;
			developmentRegion = en;
			hasScannedForEncodings = 0;
			knownRegions = (
				en,
				Base,
			);
			mainGroup = 335AA75A2FA77AB800FD6628;
			minimizedProjectReferenceProxies = 1;
			preferredProjectObjectVersion = 77;
			productRefGroup = 335AA7642FA77AB800FD6628 /* Products */;
			projectDirPath = "";
			projectRoot = "";
			targets = (
				335AA7622FA77AB800FD6628 /* ResumeBuilder IOS APP */,
				EB8A61F52DFE5AE8A5FC5900 /* ResumeBuilder IOS APPTests */,
			);
		};
/* End PBXProject section */

/* Begin PBXResourcesBuildPhase section */
		335AA7612FA77AB800FD6628 /* Resources */ = {
			isa = PBXResourcesBuildPhase;
			buildActionMask = 2147483647;
			files = (
			);
			runOnlyForDeploymentPostprocessing = 0;
		};
		8DAFC51751CEFAEC98865767 /* Resources */ = {
			isa = PBXResourcesBuildPhase;
			buildActionMask = 2147483647;
			files = (
			);
			runOnlyForDeploymentPostprocessing = 0;
		};
/* End PBXResourcesBuildPhase section */

/* Begin PBXSourcesBuildPhase section */
		335AA75F2FA77AB800FD6628 /* Sources */ = {
			isa = PBXSourcesBuildPhase;
			buildActionMask = 2147483647;
			files = (
			);
			runOnlyForDeploymentPostprocessing = 0;
		};
		FDB6C233CB7683E4F80DCDB3 /* Sources */ = {
			isa = PBXSourcesBuildPhase;
			buildActionMask = 2147483647;
			files = (
				AB98B773B677E9430A3573F6 /* ImproveViewModelTests.swift in Sources */,
				D4331EC10F9EBF14894862D8 /* ResumeOptimizationParsingTests.swift in Sources */,
				1EB78A087240CEF9F78E15CF /* ResumeOptimizationServiceSwiftTestingTests.swift in Sources */,
			);
			runOnlyForDeploymentPostprocessing = 0;
		};
/* End PBXSourcesBuildPhase section */

/* Begin PBXTargetDependency section */
		E98585F8A43CA19D19848A64 /* PBXTargetDependency */ = {
			isa = PBXTargetDependency;
			name = "ResumeBuilder IOS APP";
			target = 335AA7622FA77AB800FD6628 /* ResumeBuilder IOS APP */;
			targetProxy = C7AE0DB2E3A5FE7FCA6B82AE /* PBXContainerItemProxy */;
		};
/* End PBXTargetDependency section */

/* Begin XCBuildConfiguration section */
		335AA76C2FA77ABA00FD6628 /* Debug */ = {
			isa = XCBuildConfiguration;
			buildSettings = {
				ALWAYS_SEARCH_USER_PATHS = NO;
				ASSETCATALOG_COMPILER_GENERATE_SWIFT_ASSET_SYMBOL_EXTENSIONS = YES;
				CLANG_ANALYZER_NONNULL = YES;
				CLANG_ANALYZER_NUMBER_OBJECT_CONVERSION = YES_AGGRESSIVE;
				CLANG_CXX_LANGUAGE_STANDARD = "gnu++20";
				CLANG_ENABLE_MODULES = YES;
				CLANG_ENABLE_OBJC_ARC = YES;
				CLANG_ENABLE_OBJC_WEAK = YES;
				CLANG_WARN_BLOCK_CAPTURE_AUTORELEASING = YES;
				CLANG_WARN_BOOL_CONVERSION = YES;
				CLANG_WARN_COMMA = YES;
				CLANG_WARN_CONSTANT_CONVERSION = YES;
				CLANG_WARN_DEPRECATED_OBJC_IMPLEMENTATIONS = YES;
				CLANG_WARN_DIRECT_OBJC_ISA_USAGE = YES_ERROR;
				CLANG_WARN_DOCUMENTATION_COMMENTS = YES;
				CLANG_WARN_EMPTY_BODY = YES;
				CLANG_WARN_ENUM_CONVERSION = YES;
				CLANG_WARN_INFINITE_RECURSION = YES;
				CLANG_WARN_INT_CONVERSION = YES;
				CLANG_WARN_NON_LITERAL_NULL_CONVERSION = YES;
				CLANG_WARN_OBJC_IMPLICIT_RETAIN_SELF = YES;
				CLANG_WARN_OBJC_LITERAL_CONVERSION = YES;
				CLANG_WARN_OBJC_ROOT_CLASS = YES_ERROR;
				CLANG_WARN_QUOTED_INCLUDE_IN_FRAMEWORK_HEADER = YES;
				CLANG_WARN_RANGE_LOOP_ANALYSIS = YES;
				CLANG_WARN_STRICT_PROTOTYPES = YES;
				CLANG_WARN_SUSPICIOUS_MOVE = YES;
				CLANG_WARN_UNGUARDED_AVAILABILITY = YES_AGGRESSIVE;
				CLANG_WARN_UNREACHABLE_CODE = YES;
				CLANG_WARN__DUPLICATE_METHOD_MATCH = YES;
				COPY_PHASE_STRIP = NO;
				DEBUG_INFORMATION_FORMAT = dwarf;
				DEVELOPMENT_TEAM = 8VC4R5M425;
				ENABLE_STRICT_OBJC_MSGSEND = YES;
				ENABLE_TESTABILITY = YES;
				ENABLE_USER_SCRIPT_SANDBOXING = YES;
				GCC_C_LANGUAGE_STANDARD = gnu17;
				GCC_DYNAMIC_NO_PIC = NO;
				GCC_NO_COMMON_BLOCKS = YES;
				GCC_OPTIMIZATION_LEVEL = 0;
				GCC_PREPROCESSOR_DEFINITIONS = (
					"DEBUG=1",
					"$(inherited)",
				);
				GCC_WARN_64_TO_32_BIT_CONVERSION = YES;
				GCC_WARN_ABOUT_RETURN_TYPE = YES_ERROR;
				GCC_WARN_UNDECLARED_SELECTOR = YES;
				GCC_WARN_UNINITIALIZED_AUTOS = YES_AGGRESSIVE;
				GCC_WARN_UNUSED_FUNCTION = YES;
				GCC_WARN_UNUSED_VARIABLE = YES;
				IPHONEOS_DEPLOYMENT_TARGET = 17.0;
				LOCALIZATION_PREFERS_STRING_CATALOGS = YES;
				MTL_ENABLE_DEBUG_INFO = INCLUDE_SOURCE;
				MTL_FAST_MATH = YES;
				ONLY_ACTIVE_ARCH = YES;
				SDKROOT = iphoneos;
				SWIFT_ACTIVE_COMPILATION_CONDITIONS = "DEBUG $(inherited)";
				SWIFT_OPTIMIZATION_LEVEL = "-Onone";
			};
			name = Debug;
		};
		335AA76D2FA77ABA00FD6628 /* Release */ = {
			isa = XCBuildConfiguration;
			buildSettings = {
				ALWAYS_SEARCH_USER_PATHS = NO;
				ASSETCATALOG_COMPILER_GENERATE_SWIFT_ASSET_SYMBOL_EXTENSIONS = YES;
				CLANG_ANALYZER_NONNULL = YES;
				CLANG_ANALYZER_NUMBER_OBJECT_CONVERSION = YES_AGGRESSIVE;
				CLANG_CXX_LANGUAGE_STANDARD = "gnu++20";
				CLANG_ENABLE_MODULES = YES;
				CLANG_ENABLE_OBJC_ARC = YES;
				CLANG_ENABLE_OBJC_WEAK = YES;
				CLANG_WARN_BLOCK_CAPTURE_AUTORELEASING = YES;
				CLANG_WARN_BOOL_CONVERSION = YES;
				CLANG_WARN_COMMA = YES;
				CLANG_WARN_CONSTANT_CONVERSION = YES;
				CLANG_WARN_DEPRECATED_OBJC_IMPLEMENTATIONS = YES;
				CLANG_WARN_DIRECT_OBJC_ISA_USAGE = YES_ERROR;
				CLANG_WARN_DOCUMENTATION_COMMENTS = YES;
				CLANG_WARN_EMPTY_BODY = YES;
				CLANG_WARN_ENUM_CONVERSION = YES;
				CLANG_WARN_INFINITE_RECURSION = YES;
				CLANG_WARN_INT_CONVERSION = YES;
				CLANG_WARN_NON_LITERAL_NULL_CONVERSION = YES;
				CLANG_WARN_OBJC_IMPLICIT_RETAIN_SELF = YES;
				CLANG_WARN_OBJC_LITERAL_CONVERSION = YES;
				CLANG_WARN_OBJC_ROOT_CLASS = YES_ERROR;
				CLANG_WARN_QUOTED_INCLUDE_IN_FRAMEWORK_HEADER = YES;
				CLANG_WARN_RANGE_LOOP_ANALYSIS = YES;
				CLANG_WARN_STRICT_PROTOTYPES = YES;
				CLANG_WARN_SUSPICIOUS_MOVE = YES;
				CLANG_WARN_UNGUARDED_AVAILABILITY = YES_AGGRESSIVE;
				CLANG_WARN_UNREACHABLE_CODE = YES;
				CLANG_WARN__DUPLICATE_METHOD_MATCH = YES;
				COPY_PHASE_STRIP = NO;
				DEBUG_INFORMATION_FORMAT = "dwarf-with-dsym";
				DEVELOPMENT_TEAM = 8VC4R5M425;
				ENABLE_NS_ASSERTIONS = NO;
				ENABLE_STRICT_OBJC_MSGSEND = YES;
				ENABLE_USER_SCRIPT_SANDBOXING = YES;
				GCC_C_LANGUAGE_STANDARD = gnu17;
				GCC_NO_COMMON_BLOCKS = YES;
				GCC_WARN_64_TO_32_BIT_CONVERSION = YES;
				GCC_WARN_ABOUT_RETURN_TYPE = YES_ERROR;
				GCC_WARN_UNDECLARED_SELECTOR = YES;
				GCC_WARN_UNINITIALIZED_AUTOS = YES_AGGRESSIVE;
				GCC_WARN_UNUSED_FUNCTION = YES;
				GCC_WARN_UNUSED_VARIABLE = YES;
				IPHONEOS_DEPLOYMENT_TARGET = 17.0;
				LOCALIZATION_PREFERS_STRING_CATALOGS = YES;
				MTL_ENABLE_DEBUG_INFO = NO;
				MTL_FAST_MATH = YES;
				SDKROOT = iphoneos;
				SWIFT_COMPILATION_MODE = wholemodule;
				VALIDATE_PRODUCT = YES;
			};
			name = Release;
		};
		335AA76F2FA77ABA00FD6628 /* Debug */ = {
			isa = XCBuildConfiguration;
			buildSettings = {
				ASSETCATALOG_COMPILER_APPICON_NAME = AppIcon;
				ASSETCATALOG_COMPILER_GLOBAL_ACCENT_COLOR_NAME = AccentColor;
				CODE_SIGN_ENTITLEMENTS = "ResumeBuilder IOS APP/ResumeBuilder_IOS_APP.entitlements";
				CODE_SIGN_STYLE = Automatic;
				CURRENT_PROJECT_VERSION = 1;
				DEVELOPMENT_TEAM = 8VC4R5M425;
				ENABLE_PREVIEWS = YES;
				GENERATE_INFOPLIST_FILE = YES;
				INFOPLIST_KEY_UIApplicationSceneManifest_Generation = YES;
				INFOPLIST_KEY_UIApplicationSupportsIndirectInputEvents = YES;
				INFOPLIST_KEY_UILaunchScreen_Generation = YES;
				INFOPLIST_KEY_UISupportedInterfaceOrientations_iPad = "UIInterfaceOrientationPortrait UIInterfaceOrientationPortraitUpsideDown UIInterfaceOrientationLandscapeLeft UIInterfaceOrientationLandscapeRight";
				INFOPLIST_KEY_UISupportedInterfaceOrientations_iPhone = "UIInterfaceOrientationPortrait UIInterfaceOrientationLandscapeLeft UIInterfaceOrientationLandscapeRight";
				LD_RUNPATH_SEARCH_PATHS = (
					"$(inherited)",
					"@executable_path/Frameworks",
				);
				MARKETING_VERSION = 1.0;
				PRODUCT_BUNDLE_IDENTIFIER = "Resumebuilder-IOS.ResumeBuilder-IOS-APP";
				PRODUCT_NAME = "$(TARGET_NAME)";
				STRING_CATALOG_GENERATE_SYMBOLS = YES;
				SWIFT_APPROACHABLE_CONCURRENCY = YES;
				SWIFT_DEFAULT_ACTOR_ISOLATION = MainActor;
				SWIFT_EMIT_LOC_STRINGS = YES;
				SWIFT_STRICT_CONCURRENCY = complete;
				SWIFT_UPCOMING_FEATURE_MEMBER_IMPORT_VISIBILITY = YES;
				SWIFT_VERSION = 6.0;
				TARGETED_DEVICE_FAMILY = "1,2";
			};
			name = Debug;
		};
		335AA7702FA77ABA00FD6628 /* Release */ = {
			isa = XCBuildConfiguration;
			buildSettings = {
				ASSETCATALOG_COMPILER_APPICON_NAME = AppIcon;
				ASSETCATALOG_COMPILER_GLOBAL_ACCENT_COLOR_NAME = AccentColor;
				CODE_SIGN_ENTITLEMENTS = "ResumeBuilder IOS APP/ResumeBuilder_IOS_APP.entitlements";
				CODE_SIGN_STYLE = Automatic;
				CURRENT_PROJECT_VERSION = 1;
				DEVELOPMENT_TEAM = 8VC4R5M425;
				ENABLE_PREVIEWS = YES;
				GENERATE_INFOPLIST_FILE = YES;
				INFOPLIST_KEY_UIApplicationSceneManifest_Generation = YES;
				INFOPLIST_KEY_UIApplicationSupportsIndirectInputEvents = YES;
				INFOPLIST_KEY_UILaunchScreen_Generation = YES;
				INFOPLIST_KEY_UISupportedInterfaceOrientations_iPad = "UIInterfaceOrientationPortrait UIInterfaceOrientationPortraitUpsideDown UIInterfaceOrientationLandscapeLeft UIInterfaceOrientationLandscapeRight";
				INFOPLIST_KEY_UISupportedInterfaceOrientations_iPhone = "UIInterfaceOrientationPortrait UIInterfaceOrientationLandscapeLeft UIInterfaceOrientationLandscapeRight";
				LD_RUNPATH_SEARCH_PATHS = (
					"$(inherited)",
					"@executable_path/Frameworks",
				);
				MARKETING_VERSION = 1.0;
				PRODUCT_BUNDLE_IDENTIFIER = "Resumebuilder-IOS.ResumeBuilder-IOS-APP";
				PRODUCT_NAME = "$(TARGET_NAME)";
				STRING_CATALOG_GENERATE_SYMBOLS = YES;
				SWIFT_APPROACHABLE_CONCURRENCY = YES;
				SWIFT_DEFAULT_ACTOR_ISOLATION = MainActor;
				SWIFT_EMIT_LOC_STRINGS = YES;
				SWIFT_STRICT_CONCURRENCY = complete;
				SWIFT_UPCOMING_FEATURE_MEMBER_IMPORT_VISIBILITY = YES;
				SWIFT_VERSION = 6.0;
				TARGETED_DEVICE_FAMILY = "1,2";
			};
			name = Release;
		};
		5756B1BCE24FB4915784F7A4 /* Debug */ = {
			isa = XCBuildConfiguration;
			buildSettings = {
				BUNDLE_LOADER = "$(TEST_HOST)";
				CLANG_ENABLE_OBJC_WEAK = NO;
				GENERATE_INFOPLIST_FILE = YES;
				IPHONEOS_DEPLOYMENT_TARGET = 17.0;
				PRODUCT_BUNDLE_IDENTIFIER = com.resumebuilder.iosapp.tests;
				PRODUCT_NAME = "ResumeBuilder IOS APPTests";
				SDKROOT = iphoneos;
				SWIFT_EMIT_LOC_STRINGS = NO;
				SWIFT_STRICT_CONCURRENCY = complete;
				SWIFT_VERSION = 6.0;
				TEST_HOST = "$(BUILT_PRODUCTS_DIR)/ResumeBuilder IOS APP.app/ResumeBuilder IOS APP";
			};
			name = Debug;
		};
		C37B45B11F392DD9797D02BF /* Release */ = {
			isa = XCBuildConfiguration;
			buildSettings = {
				BUNDLE_LOADER = "$(TEST_HOST)";
				CLANG_ENABLE_OBJC_WEAK = NO;
				GENERATE_INFOPLIST_FILE = YES;
				IPHONEOS_DEPLOYMENT_TARGET = 17.0;
				PRODUCT_BUNDLE_IDENTIFIER = com.resumebuilder.iosapp.tests;
				PRODUCT_NAME = "ResumeBuilder IOS APPTests";
				SDKROOT = iphoneos;
				SWIFT_EMIT_LOC_STRINGS = NO;
				SWIFT_STRICT_CONCURRENCY = complete;
				SWIFT_VERSION = 6.0;
				TEST_HOST = "$(BUILT_PRODUCTS_DIR)/ResumeBuilder IOS APP.app/ResumeBuilder IOS APP";
				VALIDATE_PRODUCT = YES;
			};
			name = Release;
		};
/* End XCBuildConfiguration section */

/* Begin XCConfigurationList section */
		335AA75E2FA77AB800FD6628 /* Build configuration list for PBXProject "ResumeBuilder IOS APP" */ = {
			isa = XCConfigurationList;
			buildConfigurations = (
				335AA76C2FA77ABA00FD6628 /* Debug */,
				335AA76D2FA77ABA00FD6628 /* Release */,
			);
			defaultConfigurationIsVisible = 0;
			defaultConfigurationName = Release;
		};
		335AA76E2FA77ABA00FD6628 /* Build configuration list for PBXNativeTarget "ResumeBuilder IOS APP" */ = {
			isa = XCConfigurationList;
			buildConfigurations = (
				335AA76F2FA77ABA00FD6628 /* Debug */,
				335AA7702FA77ABA00FD6628 /* Release */,
			);
			defaultConfigurationIsVisible = 0;
			defaultConfigurationName = Release;
		};
		902C3F34C019C36D282EE304 /* Build configuration list for PBXNativeTarget "ResumeBuilder IOS APPTests" */ = {
			isa = XCConfigurationList;
			buildConfigurations = (
				C37B45B11F392DD9797D02BF /* Release */,
				5756B1BCE24FB4915784F7A4 /* Debug */,
			);
			defaultConfigurationIsVisible = 0;
			defaultConfigurationName = Release;
		};
/* End XCConfigurationList section */
	};
	rootObject = 335AA75B2FA77AB800FD6628 /* Project object */;
}
